
Microsoft Visual Studio Solution File, Format Version 12.00
# Visual Studio Version 16
VisualStudioVersion = 16.0.29709.97
MinimumVisualStudioVersion = 10.0.40219.1
Project("{2150E333-8FDC-42A3-9474-1A3956D46DE8}") = "Chapter 21. The Managed Heap and Garbage Collection", "Chapter 21. The Managed Heap and Garbage Collection", "{B5AFCE2E-F6EB-481E-936A-2E4D842EABB5}"
EndProject
Project("{FAE04EC0-301F-11D3-BF4B-00C04F79EFBC}") = "SafeWaitHandle", "Chapter 21. The Managed Heap and Garbage Collection\SafeWaitHandle\SafeWaitHandle.csproj", "{FE2358A3-C5FF-46B6-85EC-40239C472E1E}"
EndProject
Project("{FAE04EC0-301F-11D3-BF4B-00C04F79EFBC}") = "MemoryPressure", "Chapter 21. The Managed Heap and Garbage Collection\MemoryPressure\MemoryPressure.csproj", "{8259386B-098F-47A0-8976-A2E444F95F4F}"
EndProject
Project("{FAE04EC0-301F-11D3-BF4B-00C04F79EFBC}") = "HandleCollector", "Chapter 21. The Managed Heap and Garbage Collection\HandleCollector\HandleCollector.csproj", "{443F08D1-61BA-4801-BCF3-758DB394BF42}"
EndProject
Project("{FAE04EC0-301F-11D3-BF4B-00C04F79EFBC}") = "GCHandle", "Chapter 21. The Managed Heap and Garbage Collection\GCHandle\GCHandle.csproj", "{D63C3524-2264-401A-B995-E7C294BAC5F0}"
EndProject
Project("{FAE04EC0-301F-11D3-BF4B-00C04F79EFBC}") = "ConditionalWeakTable", "Chapter 21. The Managed Heap and Garbage Collection\ConditionalWeakTable\ConditionalWeakTable.csproj", "{938EE42F-0E15-4806-A5B6-534CE270E68B}"
EndProject
Project("{9A19103F-16F7-4668-BE54-9A1E7A4F7556}") = "AsyncFunctions.OldModel", "Chapter 28. IO-Bound Asynchronous Operations\AsyncFunctions.OldModel\AsyncFunctions.OldModel.csproj", "{6F55D23B-0185-4FB2-AAEF-68AFD5B4EA37}"
EndProject
Project("{2150E333-8FDC-42A3-9474-1A3956D46DE8}") = "Chapter 28. IO-Bound Asynchronous Operations", "Chapter 28. IO-Bound Asynchronous Operations", "{CA6F8950-1299-40E6-8439-8BC90EF30263}"
EndProject
Project("{2150E333-8FDC-42A3-9474-1A3956D46DE8}") = "Chapter 29. Primive Thread Synchronization Constructs", "Chapter 29. Primive Thread Synchronization Constructs", "{77849FBF-DF04-4E2E-888D-A949A9EB3473}"
EndProject
Project("{9A19103F-16F7-4668-BE54-9A1E7A4F7556}") = "UserModeConstructs", "Chapter 29. Primitive Thread Synchronization Constructs\Volatile\UserModeConstructs.csproj", "{D29DDEAD-BF68-4F39-BCF0-A8234A169C7E}"
EndProject
Global
	GlobalSection(SolutionConfigurationPlatforms) = preSolution
		Debug|Any CPU = Debug|Any CPU
		Release|Any CPU = Release|Any CPU
	EndGlobalSection
	GlobalSection(ProjectConfigurationPlatforms) = postSolution
		{FE2358A3-C5FF-46B6-85EC-40239C472E1E}.Debug|Any CPU.ActiveCfg = Debug|Any CPU
		{FE2358A3-C5FF-46B6-85EC-40239C472E1E}.Debug|Any CPU.Build.0 = Debug|Any CPU
		{FE2358A3-C5FF-46B6-85EC-40239C472E1E}.Release|Any CPU.ActiveCfg = Release|Any CPU
		{FE2358A3-C5FF-46B6-85EC-40239C472E1E}.Release|Any CPU.Build.0 = Release|Any CPU
		{8259386B-098F-47A0-8976-A2E444F95F4F}.Debug|Any CPU.ActiveCfg = Debug|Any CPU
		{8259386B-098F-47A0-8976-A2E444F95F4F}.Debug|Any CPU.Build.0 = Debug|Any CPU
		{8259386B-098F-47A0-8976-A2E444F95F4F}.Release|Any CPU.ActiveCfg = Release|Any CPU
		{8259386B-098F-47A0-8976-A2E444F95F4F}.Release|Any CPU.Build.0 = Release|Any CPU
		{443F08D1-61BA-4801-BCF3-758DB394BF42}.Debug|Any CPU.ActiveCfg = Debug|Any CPU
		{443F08D1-61BA-4801-BCF3-758DB394BF42}.Debug|Any CPU.Build.0 = Debug|Any CPU
		{443F08D1-61BA-4801-BCF3-758DB394BF42}.Release|Any CPU.ActiveCfg = Release|Any CPU
		{443F08D1-61BA-4801-BCF3-758DB394BF42}.Release|Any CPU.Build.0 = Release|Any CPU
		{D63C3524-2264-401A-B995-E7C294BAC5F0}.Debug|Any CPU.ActiveCfg = Debug|Any CPU
		{D63C3524-2264-401A-B995-E7C294BAC5F0}.Debug|Any CPU.Build.0 = Debug|Any CPU
		{D63C3524-2264-401A-B995-E7C294BAC5F0}.Release|Any CPU.ActiveCfg = Release|Any CPU
		{D63C3524-2264-401A-B995-E7C294BAC5F0}.Release|Any CPU.Build.0 = Release|Any CPU
		{938EE42F-0E15-4806-A5B6-534CE270E68B}.Debug|Any CPU.ActiveCfg = Debug|Any CPU
		{938EE42F-0E15-4806-A5B6-534CE270E68B}.Debug|Any CPU.Build.0 = Debug|Any CPU
		{938EE42F-0E15-4806-A5B6-534CE270E68B}.Release|Any CPU.ActiveCfg = Release|Any CPU
		{938EE42F-0E15-4806-A5B6-534CE270E68B}.Release|Any CPU.Build.0 = Release|Any CPU
		{6F55D23B-0185-4FB2-AAEF-68AFD5B4EA37}.Debug|Any CPU.ActiveCfg = Debug|Any CPU
		{6F55D23B-0185-4FB2-AAEF-68AFD5B4EA37}.Debug|Any CPU.Build.0 = Debug|Any CPU
		{6F55D23B-0185-4FB2-AAEF-68AFD5B4EA37}.Release|Any CPU.ActiveCfg = Release|Any CPU
		{6F55D23B-0185-4FB2-AAEF-68AFD5B4EA37}.Release|Any CPU.Build.0 = Release|Any CPU
		{D29DDEAD-BF68-4F39-BCF0-A8234A169C7E}.Debug|Any CPU.ActiveCfg = Debug|Any CPU
		{D29DDEAD-BF68-4F39-BCF0-A8234A169C7E}.Debug|Any CPU.Build.0 = Debug|Any CPU
		{D29DDEAD-BF68-4F39-BCF0-A8234A169C7E}.Release|Any CPU.ActiveCfg = Release|Any CPU
		{D29DDEAD-BF68-4F39-BCF0-A8234A169C7E}.Release|Any CPU.Build.0 = Release|Any CPU
	EndGlobalSection
	GlobalSection(SolutionProperties) = preSolution
		HideSolutionNode = FALSE
	EndGlobalSection
	GlobalSection(NestedProjects) = preSolution
		{FE2358A3-C5FF-46B6-85EC-40239C472E1E} = {B5AFCE2E-F6EB-481E-936A-2E4D842EABB5}
		{8259386B-098F-47A0-8976-A2E444F95F4F} = {B5AFCE2E-F6EB-481E-936A-2E4D842EABB5}
		{443F08D1-61BA-4801-BCF3-758DB394BF42} = {B5AFCE2E-F6EB-481E-936A-2E4D842EABB5}
		{D63C3524-2264-401A-B995-E7C294BAC5F0} = {B5AFCE2E-F6EB-481E-936A-2E4D842EABB5}
		{938EE42F-0E15-4806-A5B6-534CE270E68B} = {B5AFCE2E-F6EB-481E-936A-2E4D842EABB5}
		{6F55D23B-0185-4FB2-AAEF-68AFD5B4EA37} = {CA6F8950-1299-40E6-8439-8BC90EF30263}
		{D29DDEAD-BF68-4F39-BCF0-A8234A169C7E} = {77849FBF-DF04-4E2E-888D-A949A9EB3473}
	EndGlobalSection
	GlobalSection(ExtensibilityGlobals) = postSolution
		SolutionGuid = {E438D89A-9203-459C-9B8E-3AF9901167AC}
	EndGlobalSection
EndGlobal
